
Microsoft Visual Studio Solution File, Format Version 12.00
# Visual Studio 15
VisualStudioVersion = 15.0.27130.2010
MinimumVisualStudioVersion = 10.0.40219.1
Project("{FAE04EC0-301F-11D3-BF4B-00C04F79EFBC}") = "SmartCat.Android", "SmartCat\SmartCat.Android\SmartCat.Android.csproj", "{C46C62B9-583A-4515-93D5-1C97001EC7BA}"
EndProject
Project("{FAE04EC0-301F-11D3-BF4B-00C04F79EFBC}") = "SmartCat.iOS", "SmartCat\SmartCat.iOS\SmartCat.iOS.csproj", "{3A1D99FE-1326-4936-9873-D8A5B43D599E}"
EndProject
Project("{D954291E-2A0B-460D-934E-DC6B0785DB48}") = "SmartCat", "SmartCat\SmartCat\SmartCat.shproj", "{C4C2BB20-E779-4D10-8A09-7A4DBB7E92EA}"
EndProject
Global
	GlobalSection(SharedMSBuildProjectFiles) = preSolution
		SmartCat\SmartCat\SmartCat.projitems*{3a1d99fe-1326-4936-9873-d8a5b43d599e}*SharedItemsImports = 4
		SmartCat\SmartCat\SmartCat.projitems*{c46c62b9-583a-4515-93d5-1c97001ec7ba}*SharedItemsImports = 4
		SmartCat\SmartCat\SmartCat.projitems*{c4c2bb20-e779-4d10-8a09-7a4dbb7e92ea}*SharedItemsImports = 13
	EndGlobalSection
	GlobalSection(SolutionConfigurationPlatforms) = preSolution
		Ad-Hoc|Any CPU = Ad-Hoc|Any CPU
		Ad-Hoc|iPhone = Ad-Hoc|iPhone
		Ad-Hoc|iPhoneSimulator = Ad-Hoc|iPhoneSimulator
		AppStore|Any CPU = AppStore|Any CPU
		AppStore|iPhone = AppStore|iPhone
		AppStore|iPhoneSimulator = AppStore|iPhoneSimulator
		Debug|Any CPU = Debug|Any CPU
		Debug|iPhone = Debug|iPhone
		Debug|iPhoneSimulator = Debug|iPhoneSimulator
		Release|Any CPU = Release|Any CPU
		Release|iPhone = Release|iPhone
		Release|iPhoneSimulator = Release|iPhoneSimulator
	EndGlobalSection
	GlobalSection(ProjectConfigurationPlatforms) = postSolution
		{C46C62B9-583A-4515-93D5-1C97001EC7BA}.Ad-Hoc|Any CPU.ActiveCfg = Release|Any CPU
		{C46C62B9-583A-4515-93D5-1C97001EC7BA}.Ad-Hoc|Any CPU.Build.0 = Release|Any CPU
		{C46C62B9-583A-4515-93D5-1C97001EC7BA}.Ad-Hoc|Any CPU.Deploy.0 = Release|Any CPU
		{C46C62B9-583A-4515-93D5-1C97001EC7BA}.Ad-Hoc|iPhone.ActiveCfg = Release|Any CPU
		{C46C62B9-583A-4515-93D5-1C97001EC7BA}.Ad-Hoc|iPhone.Build.0 = Release|Any CPU
		{C46C62B9-583A-4515-93D5-1C97001EC7BA}.Ad-Hoc|iPhone.Deploy.0 = Release|Any CPU
		{C46C62B9-583A-4515-93D5-1C97001EC7BA}.Ad-Hoc|iPhoneSimulator.ActiveCfg = Release|Any CPU
		{C46C62B9-583A-4515-93D5-1C97001EC7BA}.Ad-Hoc|iPhoneSimulator.Build.0 = Release|Any CPU
		{C46C62B9-583A-4515-93D5-1C97001EC7BA}.Ad-Hoc|iPhoneSimulator.Deploy.0 = Release|Any CPU
		{C46C62B9-583A-4515-93D5-1C97001EC7BA}.AppStore|Any CPU.ActiveCfg = Release|Any CPU
		{C46C62B9-583A-4515-93D5-1C97001EC7BA}.AppStore|Any CPU.Build.0 = Release|Any CPU
		{C46C62B9-583A-4515-93D5-1C97001EC7BA}.AppStore|Any CPU.Deploy.0 = Release|Any CPU
		{C46C62B9-583A-4515-93D5-1C97001EC7BA}.AppStore|iPhone.ActiveCfg = Release|Any CPU
		{C46C62B9-583A-4515-93D5-1C97001EC7BA}.AppStore|iPhone.Build.0 = Release|Any CPU
		{C46C62B9-583A-4515-93D5-1C97001EC7BA}.AppStore|iPhone.Deploy.0 = Release|Any CPU
		{C46C62B9-583A-4515-93D5-1C97001EC7BA}.AppStore|iPhoneSimulator.ActiveCfg = Release|Any CPU
		{C46C62B9-583A-4515-93D5-1C97001EC7BA}.AppStore|iPhoneSimulator.Build.0 = Release|Any CPU
		{C46C62B9-583A-4515-93D5-1C97001EC7BA}.AppStore|iPhoneSimulator.Deploy.0 = Release|Any CPU
		{C46C62B9-583A-4515-93D5-1C97001EC7BA}.Debug|Any CPU.ActiveCfg = Debug|Any CPU
		{C46C62B9-583A-4515-93D5-1C97001EC7BA}.Debug|Any CPU.Build.0 = Debug|Any CPU
		{C46C62B9-583A-4515-93D5-1C97001EC7BA}.Debug|Any CPU.Deploy.0 = Debug|Any CPU
		{C46C62B9-583A-4515-93D5-1C97001EC7BA}.Debug|iPhone.ActiveCfg = Debug|Any CPU
		{C46C62B9-583A-4515-93D5-1C97001EC7BA}.Debug|iPhone.Build.0 = Debug|Any CPU
		{C46C62B9-583A-4515-93D5-1C97001EC7BA}.Debug|iPhone.Deploy.0 = Debug|Any CPU
		{C46C62B9-583A-4515-93D5-1C97001EC7BA}.Debug|iPhoneSimulator.ActiveCfg = Debug|Any CPU
		{C46C62B9-583A-4515-93D5-1C97001EC7BA}.Debug|iPhoneSimulator.Build.0 = Debug|Any CPU
		{C46C62B9-583A-4515-93D5-1C97001EC7BA}.Debug|iPhoneSimulator.Deploy.0 = Debug|Any CPU
		{C46C62B9-583A-4515-93D5-1C97001EC7BA}.Release|Any CPU.ActiveCfg = Release|Any CPU
		{C46C62B9-583A-4515-93D5-1C97001EC7BA}.Release|Any CPU.Build.0 = Release|Any CPU
		{C46C62B9-583A-4515-93D5-1C97001EC7BA}.Release|Any CPU.Deploy.0 = Release|Any CPU
		{C46C62B9-583A-4515-93D5-1C97001EC7BA}.Release|iPhone.ActiveCfg = Release|Any CPU
		{C46C62B9-583A-4515-93D5-1C97001EC7BA}.Release|iPhone.Build.0 = Release|Any CPU
		{C46C62B9-583A-4515-93D5-1C97001EC7BA}.Release|iPhone.Deploy.0 = Release|Any CPU
		{C46C62B9-583A-4515-93D5-1C97001EC7BA}.Release|iPhoneSimulator.ActiveCfg = Release|Any CPU
		{C46C62B9-583A-4515-93D5-1C97001EC7BA}.Release|iPhoneSimulator.Build.0 = Release|Any CPU
		{C46C62B9-583A-4515-93D5-1C97001EC7BA}.Release|iPhoneSimulator.Deploy.0 = Release|Any CPU
		{3A1D99FE-1326-4936-9873-D8A5B43D599E}.Ad-Hoc|Any CPU.ActiveCfg = Ad-Hoc|iPhone
		{3A1D99FE-1326-4936-9873-D8A5B43D599E}.Ad-Hoc|iPhone.ActiveCfg = Ad-Hoc|iPhone
		{3A1D99FE-1326-4936-9873-D8A5B43D599E}.Ad-Hoc|iPhone.Build.0 = Ad-Hoc|iPhone
		{3A1D99FE-1326-4936-9873-D8A5B43D599E}.Ad-Hoc|iPhoneSimulator.ActiveCfg = Ad-Hoc|iPhoneSimulator
		{3A1D99FE-1326-4936-9873-D8A5B43D599E}.Ad-Hoc|iPhoneSimulator.Build.0 = Ad-Hoc|iPhoneSimulator
		{3A1D99FE-1326-4936-9873-D8A5B43D599E}.AppStore|Any CPU.ActiveCfg = AppStore|iPhone
		{3A1D99FE-1326-4936-9873-D8A5B43D599E}.AppStore|iPhone.ActiveCfg = AppStore|iPhone
		{3A1D99FE-1326-4936-9873-D8A5B43D599E}.AppStore|iPhone.Build.0 = AppStore|iPhone
		{3A1D99FE-1326-4936-9873-D8A5B43D599E}.AppStore|iPhoneSimulator.ActiveCfg = AppStore|iPhoneSimulator
		{3A1D99FE-1326-4936-9873-D8A5B43D599E}.AppStore|iPhoneSimulator.Build.0 = AppStore|iPhoneSimulator
		{3A1D99FE-1326-4936-9873-D8A5B43D599E}.Debug|Any CPU.ActiveCfg = Debug|iPhone
		{3A1D99FE-1326-4936-9873-D8A5B43D599E}.Debug|iPhone.ActiveCfg = Debug|iPhone
		{3A1D99FE-1326-4936-9873-D8A5B43D599E}.Debug|iPhone.Build.0 = Debug|iPhone
		{3A1D99FE-1326-4936-9873-D8A5B43D599E}.Debug|iPhoneSimulator.ActiveCfg = Debug|iPhoneSimulator
		{3A1D99FE-1326-4936-9873-D8A5B43D599E}.Debug|iPhoneSimulator.Build.0 = Debug|iPhoneSimulator
		{3A1D99FE-1326-4936-9873-D8A5B43D599E}.Release|Any CPU.ActiveCfg = Release|iPhone
		{3A1D99FE-1326-4936-9873-D8A5B43D599E}.Release|iPhone.ActiveCfg = Release|iPhone
		{3A1D99FE-1326-4936-9873-D8A5B43D599E}.Release|iPhone.Build.0 = Release|iPhone
		{3A1D99FE-1326-4936-9873-D8A5B43D599E}.Release|iPhoneSimulator.ActiveCfg = Release|iPhoneSimulator
		{3A1D99FE-1326-4936-9873-D8A5B43D599E}.Release|iPhoneSimulator.Build.0 = Release|iPhoneSimulator
	EndGlobalSection
	GlobalSection(SolutionProperties) = preSolution
		HideSolutionNode = FALSE
	EndGlobalSection
	GlobalSection(ExtensibilityGlobals) = postSolution
		SolutionGuid = {57E405B3-47C6-4309-9BBA-D35F16362C8C}
	EndGlobalSection
EndGlobal
